{
  "originHash" : "e4795c0dae2d61e43b84786daed05636408de524b3ba1f1e892fa85cfef20089",
  "pins" : [
    {
      "identity" : "files",
      "kind" : "remoteSourceControl",
      "location" : "https://github.com/JohnSundell/Files",
      "state" : {
        "branch" : "master",
        "revision" : "d273b5b7025d386feef79ef6bad7de762e106eaf"
      }
    },
    {
      "identity" : "ibdecodable",
      "kind" : "remoteSourceControl",
      "location" : "https://github.com/mfreiwald/IBDecodable",
      "state" : {
        "branch" : "xib-migration",
        "revision" : "fee11ccbcbd55fa1f44e57b89162cafa3685cf9b"
      }
    },
    {
      "identity" : "rainbow",
      "kind" : "remoteSourceControl",
      "location" : "https://github.com/onevcat/Rainbow",
      "state" : {
        "branch" : "master",
        "revision" : "1f057ea83b192a7e5030072a1fb79ec38200fcd6"
      }
    },
    {
      "identity" : "swift-argument-parser",
      "kind" : "remoteSourceControl",
      "location" : "https://github.com/apple/swift-argument-parser",
      "state" : {
        "branch" : "main",
        "revision" : "6a7abc050b4504bc9a242af409f293e7454979b5"
      }
    },
    {
      "identity" : "swiftytexttable",
      "kind" : "remoteSourceControl",
      "location" : "https://github.com/scottrhoyt/SwiftyTextTable",
      "state" : {
        "branch" : "master",
        "revision" : "c6df6cf533d120716bff38f8ff9885e1ce2a4ac3"
      }
    },
    {
      "identity" : "swxmlhash",
      "kind" : "remoteSourceControl",
      "location" : "https://github.com/drmohundro/SWXMLHash.git",
      "state" : {
        "revision" : "a853604c9e9a83ad9954c7e3d2a565273982471f",
        "version" : "7.0.2"
      }
    }
  ],
  "version" : 3
}
